
Microsoft Visual Studio Solution File, Format Version 12.00
# Visual Studio Version 16
VisualStudioVersion = 16.0.31112.23
MinimumVisualStudioVersion = 10.0.40219.1
Project("{FAE04EC0-301F-11D3-BF4B-00C04F79EFBC}") = "BlazorApiExample.Api", "BlazorApiExample.Api\BlazorApiExample.Api.csproj", "{AB241045-3292-4CB9-8AE7-A2CE5443C07E}"
EndProject
Project("{FAE04EC0-301F-11D3-BF4B-00C04F79EFBC}") = "BlazorApiExample.Models", "BlazorApiExample.Models\BlazorApiExample.Models.csproj", "{168F48FD-E5AF-459E-A587-2AB1BAC453B1}"
EndProject
Project("{FAE04EC0-301F-11D3-BF4B-00C04F79EFBC}") = "BlazorApiExample.Web", "BlazorApiExample.Web\BlazorApiExample.Web.csproj", "{F7577D81-3725-4DB1-9B13-10AFBD335CDB}"
EndProject
Project("{2150E333-8FDC-42A3-9474-1A3956D46DE8}") = "SavedPage", "SavedPage", "{BA60CDBC-F5CD-44FA-AFF6-6F11816E4C95}"
	ProjectSection(SolutionItems) = preProject
		SavedPage\SavedPage.html = SavedPage\SavedPage.html
		SavedPage\Screenshot.jpg = SavedPage\Screenshot.jpg
	EndProjectSection
EndProject
Project("{2150E333-8FDC-42A3-9474-1A3956D46DE8}") = "css", "css", "{FD741325-4BD7-4807-9C90-370986E95DB6}"
	ProjectSection(SolutionItems) = preProject
		SavedPage\css\BlazorApiExample.Web.styles.css = SavedPage\css\BlazorApiExample.Web.styles.css
		SavedPage\css\bootstrap.min.css = SavedPage\css\bootstrap.min.css
		SavedPage\css\site.css = SavedPage\css\site.css
	EndProjectSection
EndProject
Project("{2150E333-8FDC-42A3-9474-1A3956D46DE8}") = "svgs", "svgs", "{517C7DC3-CDFC-4754-A5E4-7541F8F87A85}"
	ProjectSection(SolutionItems) = preProject
		SavedPage\svgs\cloud-drizzle.svg = SavedPage\svgs\cloud-drizzle.svg
		SavedPage\svgs\cloud-lightning.svg = SavedPage\svgs\cloud-lightning.svg
		SavedPage\svgs\cloud-rain.svg = SavedPage\svgs\cloud-rain.svg
		SavedPage\svgs\cloud-snow.svg = SavedPage\svgs\cloud-snow.svg
		SavedPage\svgs\cloud.svg = SavedPage\svgs\cloud.svg
		SavedPage\svgs\sun.svg = SavedPage\svgs\sun.svg
		SavedPage\svgs\sunrise.svg = SavedPage\svgs\sunrise.svg
		SavedPage\svgs\sunset.svg = SavedPage\svgs\sunset.svg
		SavedPage\svgs\thermometer.svg = SavedPage\svgs\thermometer.svg
		SavedPage\svgs\wind.svg = SavedPage\svgs\wind.svg
	EndProjectSection
EndProject
Global
	GlobalSection(SolutionConfigurationPlatforms) = preSolution
		Debug|Any CPU = Debug|Any CPU
		Release|Any CPU = Release|Any CPU
	EndGlobalSection
	GlobalSection(ProjectConfigurationPlatforms) = postSolution
		{AB241045-3292-4CB9-8AE7-A2CE5443C07E}.Debug|Any CPU.ActiveCfg = Debug|Any CPU
		{AB241045-3292-4CB9-8AE7-A2CE5443C07E}.Debug|Any CPU.Build.0 = Debug|Any CPU
		{AB241045-3292-4CB9-8AE7-A2CE5443C07E}.Release|Any CPU.ActiveCfg = Release|Any CPU
		{AB241045-3292-4CB9-8AE7-A2CE5443C07E}.Release|Any CPU.Build.0 = Release|Any CPU
		{168F48FD-E5AF-459E-A587-2AB1BAC453B1}.Debug|Any CPU.ActiveCfg = Debug|Any CPU
		{168F48FD-E5AF-459E-A587-2AB1BAC453B1}.Debug|Any CPU.Build.0 = Debug|Any CPU
		{168F48FD-E5AF-459E-A587-2AB1BAC453B1}.Release|Any CPU.ActiveCfg = Release|Any CPU
		{168F48FD-E5AF-459E-A587-2AB1BAC453B1}.Release|Any CPU.Build.0 = Release|Any CPU
		{F7577D81-3725-4DB1-9B13-10AFBD335CDB}.Debug|Any CPU.ActiveCfg = Debug|Any CPU
		{F7577D81-3725-4DB1-9B13-10AFBD335CDB}.Debug|Any CPU.Build.0 = Debug|Any CPU
		{F7577D81-3725-4DB1-9B13-10AFBD335CDB}.Release|Any CPU.ActiveCfg = Release|Any CPU
		{F7577D81-3725-4DB1-9B13-10AFBD335CDB}.Release|Any CPU.Build.0 = Release|Any CPU
	EndGlobalSection
	GlobalSection(SolutionProperties) = preSolution
		HideSolutionNode = FALSE
	EndGlobalSection
	GlobalSection(NestedProjects) = preSolution
		{FD741325-4BD7-4807-9C90-370986E95DB6} = {BA60CDBC-F5CD-44FA-AFF6-6F11816E4C95}
		{517C7DC3-CDFC-4754-A5E4-7541F8F87A85} = {BA60CDBC-F5CD-44FA-AFF6-6F11816E4C95}
	EndGlobalSection
	GlobalSection(ExtensibilityGlobals) = postSolution
		SolutionGuid = {671C8813-B4D7-4A0A-88E9-E5CF82815B19}
	EndGlobalSection
EndGlobal
